github.com/pkg/errors v0.9.1 h1:FEBLx1zS214owpjy7qsBeixbURkuhQAwrK5UwLGTwt4=
github.com/pkg/errors v0.9.1/go.mod h1:bwawxfHBFNV+L2hUp1rHADufV3IMtnDRdf1r5NINEl0=
github.com/thinkhp/logsim v0.0.0-20200424020715-daf4743f62ee h1:uJhoiEKPXpVGV1+CetOczMWd0d+YjYmDkotbBKfMk40=
github.com/thinkhp/logsim v0.0.0-20200424020715-daf4743f62ee/go.mod h1:vv2npWdQY9VwQpbpxOGIWvjwjaAm51ZHsFSHv0Yyhyk=
